
Microsoft Visual Studio Solution File, Format Version 12.00
# Visual Studio Version 16
VisualStudioVersion = 16.0.29905.134
MinimumVisualStudioVersion = 10.0.40219.1
Project("{FAE04EC0-301F-11D3-BF4B-00C04F79EFBC}") = "HomeWork", "ConsoleApp5\HomeWork.csproj", "{484AE9C9-EF32-407A-8E72-77F491B2243D}"
EndProject
Global
	GlobalSection(SolutionConfigurationPlatforms) = preSolution
		Debug|Any CPU = Debug|Any CPU
		Release|Any CPU = Release|Any CPU
	EndGlobalSection
	GlobalSection(ProjectConfigurationPlatforms) = postSolution
		{484AE9C9-EF32-407A-8E72-77F491B2243D}.Debug|Any CPU.ActiveCfg = Debug|Any CPU
		{484AE9C9-EF32-407A-8E72-77F491B2243D}.Debug|Any CPU.Build.0 = Debug|Any CPU
		{484AE9C9-EF32-407A-8E72-77F491B2243D}.Release|Any CPU.ActiveCfg = Release|Any CPU
		{484AE9C9-EF32-407A-8E72-77F491B2243D}.Release|Any CPU.Build.0 = Release|Any CPU
	EndGlobalSection
	GlobalSection(SolutionProperties) = preSolution
		HideSolutionNode = FALSE
	EndGlobalSection
	GlobalSection(ExtensibilityGlobals) = postSolution
		SolutionGuid = {5DFC9414-6631-4940-9FB9-6B69A57E0F56}
	EndGlobalSection
EndGlobal
